
Microsoft Visual Studio Solution File, Format Version 12.00
# Visual Studio Version 17
VisualStudioVersion = 17.5.33516.290
MinimumVisualStudioVersion = 10.0.40219.1
Project("{FAE04EC0-301F-11D3-BF4B-00C04F79EFBC}") = "3.1", "3.1\3.1.csproj", "{591B2BF6-D280-4F9C-8575-3FE07110D83A}"
EndProject
Global
	GlobalSection(SolutionConfigurationPlatforms) = preSolution
		Debug|Any CPU = Debug|Any CPU
		Release|Any CPU = Release|Any CPU
	EndGlobalSection
	GlobalSection(ProjectConfigurationPlatforms) = postSolution
		{591B2BF6-D280-4F9C-8575-3FE07110D83A}.Debug|Any CPU.ActiveCfg = Debug|Any CPU
		{591B2BF6-D280-4F9C-8575-3FE07110D83A}.Debug|Any CPU.Build.0 = Debug|Any CPU
		{591B2BF6-D280-4F9C-8575-3FE07110D83A}.Release|Any CPU.ActiveCfg = Release|Any CPU
		{591B2BF6-D280-4F9C-8575-3FE07110D83A}.Release|Any CPU.Build.0 = Release|Any CPU
	EndGlobalSection
	GlobalSection(SolutionProperties) = preSolution
		HideSolutionNode = FALSE
	EndGlobalSection
	GlobalSection(ExtensibilityGlobals) = postSolution
		SolutionGuid = {6C5B4AFB-EC8B-4443-8D7C-B1887D632BC9}
	EndGlobalSection
EndGlobal
