
Microsoft Visual Studio Solution File, Format Version 12.00
# Visual Studio Version 17
VisualStudioVersion = 17.5.33516.290
MinimumVisualStudioVersion = 10.0.40219.1
Project("{FAE04EC0-301F-11D3-BF4B-00C04F79EFBC}") = "_6.2", "_6.2\_6.2.csproj", "{B4B0AE2C-2011-4694-9060-12F3ED243244}"
EndProject
Global
	GlobalSection(SolutionConfigurationPlatforms) = preSolution
		Debug|Any CPU = Debug|Any CPU
		Release|Any CPU = Release|Any CPU
	EndGlobalSection
	GlobalSection(ProjectConfigurationPlatforms) = postSolution
		{B4B0AE2C-2011-4694-9060-12F3ED243244}.Debug|Any CPU.ActiveCfg = Debug|Any CPU
		{B4B0AE2C-2011-4694-9060-12F3ED243244}.Debug|Any CPU.Build.0 = Debug|Any CPU
		{B4B0AE2C-2011-4694-9060-12F3ED243244}.Release|Any CPU.ActiveCfg = Release|Any CPU
		{B4B0AE2C-2011-4694-9060-12F3ED243244}.Release|Any CPU.Build.0 = Release|Any CPU
	EndGlobalSection
	GlobalSection(SolutionProperties) = preSolution
		HideSolutionNode = FALSE
	EndGlobalSection
	GlobalSection(ExtensibilityGlobals) = postSolution
		SolutionGuid = {B3FAE056-DB6B-41A2-A5E8-60D708BC5655}
	EndGlobalSection
EndGlobal
