
Microsoft Visual Studio Solution File, Format Version 12.00
# Visual Studio Version 17
VisualStudioVersion = 17.5.33516.290
MinimumVisualStudioVersion = 10.0.40219.1
Project("{FAE04EC0-301F-11D3-BF4B-00C04F79EFBC}") = "9.1", "9.1\9.1.csproj", "{21CECA9E-601B-468E-9191-00FF1E2D3437}"
EndProject
Global
	GlobalSection(SolutionConfigurationPlatforms) = preSolution
		Debug|Any CPU = Debug|Any CPU
		Release|Any CPU = Release|Any CPU
	EndGlobalSection
	GlobalSection(ProjectConfigurationPlatforms) = postSolution
		{21CECA9E-601B-468E-9191-00FF1E2D3437}.Debug|Any CPU.ActiveCfg = Debug|Any CPU
		{21CECA9E-601B-468E-9191-00FF1E2D3437}.Debug|Any CPU.Build.0 = Debug|Any CPU
		{21CECA9E-601B-468E-9191-00FF1E2D3437}.Release|Any CPU.ActiveCfg = Release|Any CPU
		{21CECA9E-601B-468E-9191-00FF1E2D3437}.Release|Any CPU.Build.0 = Release|Any CPU
	EndGlobalSection
	GlobalSection(SolutionProperties) = preSolution
		HideSolutionNode = FALSE
	EndGlobalSection
	GlobalSection(ExtensibilityGlobals) = postSolution
		SolutionGuid = {1A140316-006A-4084-BEA5-F2C6EE1D09B4}
	EndGlobalSection
EndGlobal
